
Microsoft Visual Studio Solution File, Format Version 12.00
# Visual Studio Version 16
VisualStudioVersion = 16.0.29920.165
MinimumVisualStudioVersion = 10.0.40219.1
Project("{FAE04EC0-301F-11D3-BF4B-00C04F79EFBC}") = "remote-shell", "remote-shell\remote-shell.csproj", "{2CDB5C85-FF90-48C0-A825-51FA4ECAA668}"
EndProject
Global
	GlobalSection(SolutionConfigurationPlatforms) = preSolution
		Debug|Any CPU = Debug|Any CPU
		Release|Any CPU = Release|Any CPU
	EndGlobalSection
	GlobalSection(ProjectConfigurationPlatforms) = postSolution
		{2CDB5C85-FF90-48C0-A825-51FA4ECAA668}.Debug|Any CPU.ActiveCfg = Debug|Any CPU
		{2CDB5C85-FF90-48C0-A825-51FA4ECAA668}.Debug|Any CPU.Build.0 = Debug|Any CPU
		{2CDB5C85-FF90-48C0-A825-51FA4ECAA668}.Release|Any CPU.ActiveCfg = Release|Any CPU
		{2CDB5C85-FF90-48C0-A825-51FA4ECAA668}.Release|Any CPU.Build.0 = Release|Any CPU
	EndGlobalSection
	GlobalSection(SolutionProperties) = preSolution
		HideSolutionNode = FALSE
	EndGlobalSection
	GlobalSection(ExtensibilityGlobals) = postSolution
		SolutionGuid = {DD96F8ED-F38A-4218-BDF4-6F15380E60F5}
	EndGlobalSection
EndGlobal
